
Microsoft Visual Studio Solution File, Format Version 12.00
# Visual Studio Version 17
VisualStudioVersion = 17.11.35312.102
MinimumVisualStudioVersion = 10.0.40219.1
Project("{FAE04EC0-301F-11D3-BF4B-00C04F79EFBC}") = "Bai_toan_hinh_hoc", "Bai_toan_hinh_hoc.csproj", "{21D16AB0-8FD9-4BEB-8C2F-5AD9B3C6D244}"
EndProject
Global
	GlobalSection(SolutionConfigurationPlatforms) = preSolution
		Debug|Any CPU = Debug|Any CPU
		Release|Any CPU = Release|Any CPU
	EndGlobalSection
	GlobalSection(ProjectConfigurationPlatforms) = postSolution
		{21D16AB0-8FD9-4BEB-8C2F-5AD9B3C6D244}.Debug|Any CPU.ActiveCfg = Debug|Any CPU
		{21D16AB0-8FD9-4BEB-8C2F-5AD9B3C6D244}.Debug|Any CPU.Build.0 = Debug|Any CPU
		{21D16AB0-8FD9-4BEB-8C2F-5AD9B3C6D244}.Release|Any CPU.ActiveCfg = Release|Any CPU
		{21D16AB0-8FD9-4BEB-8C2F-5AD9B3C6D244}.Release|Any CPU.Build.0 = Release|Any CPU
	EndGlobalSection
	GlobalSection(SolutionProperties) = preSolution
		HideSolutionNode = FALSE
	EndGlobalSection
	GlobalSection(ExtensibilityGlobals) = postSolution
		SolutionGuid = {D3B9BFD5-ABA8-4CD2-86E4-389C422D2FDF}
	EndGlobalSection
EndGlobal
